
Microsoft Visual Studio Solution File, Format Version 12.00
# Visual Studio Version 16
VisualStudioVersion = 16.0.30330.147
MinimumVisualStudioVersion = 10.0.40219.1
Project("{FAE04EC0-301F-11D3-BF4B-00C04F79EFBC}") = "Cuenta_bancaria_consola", "Cuenta_bancaria_consola.csproj", "{9120DC93-D53B-4F71-9201-DFE5BFF5B3B7}"
EndProject
Global
	GlobalSection(SolutionConfigurationPlatforms) = preSolution
		Debug|Any CPU = Debug|Any CPU
		Release|Any CPU = Release|Any CPU
	EndGlobalSection
	GlobalSection(ProjectConfigurationPlatforms) = postSolution
		{9120DC93-D53B-4F71-9201-DFE5BFF5B3B7}.Debug|Any CPU.ActiveCfg = Debug|Any CPU
		{9120DC93-D53B-4F71-9201-DFE5BFF5B3B7}.Debug|Any CPU.Build.0 = Debug|Any CPU
		{9120DC93-D53B-4F71-9201-DFE5BFF5B3B7}.Release|Any CPU.ActiveCfg = Release|Any CPU
		{9120DC93-D53B-4F71-9201-DFE5BFF5B3B7}.Release|Any CPU.Build.0 = Release|Any CPU
	EndGlobalSection
	GlobalSection(SolutionProperties) = preSolution
		HideSolutionNode = FALSE
	EndGlobalSection
	GlobalSection(ExtensibilityGlobals) = postSolution
		SolutionGuid = {54AB1051-E39C-4290-B029-5A37715A33CD}
	EndGlobalSection
EndGlobal
