
Microsoft Visual Studio Solution File, Format Version 12.00
# Visual Studio Version 16
VisualStudioVersion = 16.0.30330.147
MinimumVisualStudioVersion = 10.0.40219.1
Project("{FAE04EC0-301F-11D3-BF4B-00C04F79EFBC}") = "comparar_numeros_enteros", "comparar_numeros_enteros\comparar_numeros_enteros.csproj", "{6FA3771C-4F06-46E6-8164-830308BF361D}"
EndProject
Global
	GlobalSection(SolutionConfigurationPlatforms) = preSolution
		Debug|Any CPU = Debug|Any CPU
		Release|Any CPU = Release|Any CPU
	EndGlobalSection
	GlobalSection(ProjectConfigurationPlatforms) = postSolution
		{6FA3771C-4F06-46E6-8164-830308BF361D}.Debug|Any CPU.ActiveCfg = Debug|Any CPU
		{6FA3771C-4F06-46E6-8164-830308BF361D}.Debug|Any CPU.Build.0 = Debug|Any CPU
		{6FA3771C-4F06-46E6-8164-830308BF361D}.Release|Any CPU.ActiveCfg = Release|Any CPU
		{6FA3771C-4F06-46E6-8164-830308BF361D}.Release|Any CPU.Build.0 = Release|Any CPU
	EndGlobalSection
	GlobalSection(SolutionProperties) = preSolution
		HideSolutionNode = FALSE
	EndGlobalSection
	GlobalSection(ExtensibilityGlobals) = postSolution
		SolutionGuid = {A2B9DADB-33AC-40B3-B3CD-90E831B8F452}
	EndGlobalSection
EndGlobal
