
Microsoft Visual Studio Solution File, Format Version 12.00
# Visual Studio Version 16
VisualStudioVersion = 16.0.30330.147
MinimumVisualStudioVersion = 10.0.40219.1
Project("{FAE04EC0-301F-11D3-BF4B-00C04F79EFBC}") = "Ayuda_manual", "Ayuda_manual\Ayuda_manual.csproj", "{92EE3E09-FEBB-4B21-ACE9-C68981B15F12}"
EndProject
Global
	GlobalSection(SolutionConfigurationPlatforms) = preSolution
		Debug|Any CPU = Debug|Any CPU
		Release|Any CPU = Release|Any CPU
	EndGlobalSection
	GlobalSection(ProjectConfigurationPlatforms) = postSolution
		{92EE3E09-FEBB-4B21-ACE9-C68981B15F12}.Debug|Any CPU.ActiveCfg = Debug|Any CPU
		{92EE3E09-FEBB-4B21-ACE9-C68981B15F12}.Debug|Any CPU.Build.0 = Debug|Any CPU
		{92EE3E09-FEBB-4B21-ACE9-C68981B15F12}.Release|Any CPU.ActiveCfg = Release|Any CPU
		{92EE3E09-FEBB-4B21-ACE9-C68981B15F12}.Release|Any CPU.Build.0 = Release|Any CPU
	EndGlobalSection
	GlobalSection(SolutionProperties) = preSolution
		HideSolutionNode = FALSE
	EndGlobalSection
	GlobalSection(ExtensibilityGlobals) = postSolution
		SolutionGuid = {6F7067D6-A0C3-4868-A089-329A7EAF1E1A}
	EndGlobalSection
EndGlobal
