
Microsoft Visual Studio Solution File, Format Version 12.00
# Visual Studio Version 16
VisualStudioVersion = 16.0.30330.147
MinimumVisualStudioVersion = 10.0.40219.1
Project("{FAE04EC0-301F-11D3-BF4B-00C04F79EFBC}") = "conectar_bd_mediante_codigo", "conectar_bd_mediante_codigo.csproj", "{6CDB011F-BD9A-4969-9621-2B4D33A974B7}"
EndProject
Global
	GlobalSection(SolutionConfigurationPlatforms) = preSolution
		Debug|Any CPU = Debug|Any CPU
		Release|Any CPU = Release|Any CPU
	EndGlobalSection
	GlobalSection(ProjectConfigurationPlatforms) = postSolution
		{6CDB011F-BD9A-4969-9621-2B4D33A974B7}.Debug|Any CPU.ActiveCfg = Debug|Any CPU
		{6CDB011F-BD9A-4969-9621-2B4D33A974B7}.Debug|Any CPU.Build.0 = Debug|Any CPU
		{6CDB011F-BD9A-4969-9621-2B4D33A974B7}.Release|Any CPU.ActiveCfg = Release|Any CPU
		{6CDB011F-BD9A-4969-9621-2B4D33A974B7}.Release|Any CPU.Build.0 = Release|Any CPU
	EndGlobalSection
	GlobalSection(SolutionProperties) = preSolution
		HideSolutionNode = FALSE
	EndGlobalSection
	GlobalSection(ExtensibilityGlobals) = postSolution
		SolutionGuid = {65F9E7D4-6336-45AD-9F33-F77F7364F3DE}
	EndGlobalSection
EndGlobal
