
Microsoft Visual Studio Solution File, Format Version 12.00
# Visual Studio Version 16
VisualStudioVersion = 16.0.30330.147
MinimumVisualStudioVersion = 10.0.40219.1
Project("{FAE04EC0-301F-11D3-BF4B-00C04F79EFBC}") = "ejercicio4_costedeenvio", "ejercicio4_costedeenvio\ejercicio4_costedeenvio.csproj", "{5BB79A8D-CFE7-4131-9357-C08F5E744A94}"
EndProject
Global
	GlobalSection(SolutionConfigurationPlatforms) = preSolution
		Debug|Any CPU = Debug|Any CPU
		Release|Any CPU = Release|Any CPU
	EndGlobalSection
	GlobalSection(ProjectConfigurationPlatforms) = postSolution
		{5BB79A8D-CFE7-4131-9357-C08F5E744A94}.Debug|Any CPU.ActiveCfg = Debug|Any CPU
		{5BB79A8D-CFE7-4131-9357-C08F5E744A94}.Debug|Any CPU.Build.0 = Debug|Any CPU
		{5BB79A8D-CFE7-4131-9357-C08F5E744A94}.Release|Any CPU.ActiveCfg = Release|Any CPU
		{5BB79A8D-CFE7-4131-9357-C08F5E744A94}.Release|Any CPU.Build.0 = Release|Any CPU
	EndGlobalSection
	GlobalSection(SolutionProperties) = preSolution
		HideSolutionNode = FALSE
	EndGlobalSection
	GlobalSection(ExtensibilityGlobals) = postSolution
		SolutionGuid = {B20D6127-0501-41D2-A4EE-3635E7FB01C6}
	EndGlobalSection
EndGlobal
