
Microsoft Visual Studio Solution File, Format Version 12.00
# Visual Studio Version 16
VisualStudioVersion = 16.0.30330.147
MinimumVisualStudioVersion = 10.0.40219.1
Project("{FAE04EC0-301F-11D3-BF4B-00C04F79EFBC}") = "AyudaContextualHelpProvider", "AyudaContextualHelpProvider\AyudaContextualHelpProvider.csproj", "{D78F8121-59C6-4657-A3C4-A8D7B55A5046}"
EndProject
Global
	GlobalSection(SolutionConfigurationPlatforms) = preSolution
		Debug|Any CPU = Debug|Any CPU
		Release|Any CPU = Release|Any CPU
	EndGlobalSection
	GlobalSection(ProjectConfigurationPlatforms) = postSolution
		{D78F8121-59C6-4657-A3C4-A8D7B55A5046}.Debug|Any CPU.ActiveCfg = Debug|Any CPU
		{D78F8121-59C6-4657-A3C4-A8D7B55A5046}.Debug|Any CPU.Build.0 = Debug|Any CPU
		{D78F8121-59C6-4657-A3C4-A8D7B55A5046}.Release|Any CPU.ActiveCfg = Release|Any CPU
		{D78F8121-59C6-4657-A3C4-A8D7B55A5046}.Release|Any CPU.Build.0 = Release|Any CPU
	EndGlobalSection
	GlobalSection(SolutionProperties) = preSolution
		HideSolutionNode = FALSE
	EndGlobalSection
	GlobalSection(ExtensibilityGlobals) = postSolution
		SolutionGuid = {8C6F9BF9-F985-4E77-BAD9-CBD996AFEBD7}
	EndGlobalSection
EndGlobal
