
Microsoft Visual Studio Solution File, Format Version 12.00
# Visual Studio Version 16
VisualStudioVersion = 16.0.30330.147
MinimumVisualStudioVersion = 10.0.40219.1
Project("{FAE04EC0-301F-11D3-BF4B-00C04F79EFBC}") = "ejercicio6_maquina_refrescos", "ejercicio6_maquina_refrescos\ejercicio6_maquina_refrescos.csproj", "{238124C4-9540-482F-8EB5-AD41E1AB992B}"
EndProject
Global
	GlobalSection(SolutionConfigurationPlatforms) = preSolution
		Debug|Any CPU = Debug|Any CPU
		Release|Any CPU = Release|Any CPU
	EndGlobalSection
	GlobalSection(ProjectConfigurationPlatforms) = postSolution
		{238124C4-9540-482F-8EB5-AD41E1AB992B}.Debug|Any CPU.ActiveCfg = Debug|Any CPU
		{238124C4-9540-482F-8EB5-AD41E1AB992B}.Debug|Any CPU.Build.0 = Debug|Any CPU
		{238124C4-9540-482F-8EB5-AD41E1AB992B}.Release|Any CPU.ActiveCfg = Release|Any CPU
		{238124C4-9540-482F-8EB5-AD41E1AB992B}.Release|Any CPU.Build.0 = Release|Any CPU
	EndGlobalSection
	GlobalSection(SolutionProperties) = preSolution
		HideSolutionNode = FALSE
	EndGlobalSection
	GlobalSection(ExtensibilityGlobals) = postSolution
		SolutionGuid = {08DDDEB9-FD34-47E8-8C53-26BD2D02A56B}
	EndGlobalSection
EndGlobal
