
Microsoft Visual Studio Solution File, Format Version 12.00
# Visual Studio Version 16
VisualStudioVersion = 16.0.30330.147
MinimumVisualStudioVersion = 10.0.40219.1
Project("{FAE04EC0-301F-11D3-BF4B-00C04F79EFBC}") = "conversorGrados", "conversorGrados.csproj", "{F2DF4769-2EDF-469A-B4CD-93B30E4F0982}"
EndProject
Global
	GlobalSection(SolutionConfigurationPlatforms) = preSolution
		Debug|Any CPU = Debug|Any CPU
		Release|Any CPU = Release|Any CPU
	EndGlobalSection
	GlobalSection(ProjectConfigurationPlatforms) = postSolution
		{F2DF4769-2EDF-469A-B4CD-93B30E4F0982}.Debug|Any CPU.ActiveCfg = Debug|Any CPU
		{F2DF4769-2EDF-469A-B4CD-93B30E4F0982}.Debug|Any CPU.Build.0 = Debug|Any CPU
		{F2DF4769-2EDF-469A-B4CD-93B30E4F0982}.Release|Any CPU.ActiveCfg = Release|Any CPU
		{F2DF4769-2EDF-469A-B4CD-93B30E4F0982}.Release|Any CPU.Build.0 = Release|Any CPU
	EndGlobalSection
	GlobalSection(SolutionProperties) = preSolution
		HideSolutionNode = FALSE
	EndGlobalSection
	GlobalSection(ExtensibilityGlobals) = postSolution
		SolutionGuid = {BA9A0EBF-AF19-4A80-92DB-81500190BAB8}
	EndGlobalSection
EndGlobal
